<?xml version="1.0" encoding="utf-8"?>
<Project ToolsVersion="4.0" xmlns="http://schemas.microsoft.com/developer/msbuild/2003">
  <ItemGroup>
    <Filter Include="Source Files">
      <UniqueIdentifier>{4FC737F1-C7A5-4376-A066-2A32D752A2FF}</UniqueIdentifier>
      <Extensions>cpp;c;cc;cxx;def;odl;idl;hpj;bat;asm;asmx</Extensions>
    </Filter>
    <Filter Include="Header Files">
      <UniqueIdentifier>{93995380-89BD-4b04-88EB-625FBE52EBFB}</UniqueIdentifier>
      <Extensions>h;hpp;hxx;hm;inl;inc;xsd</Extensions>
    </Filter>
    <Filter Include="Resource Files">
      <UniqueIdentifier>{67DA6AB6-F800-4c08-8B7A-83BB121AAD01}</UniqueIdentifier>
      <Extensions>rc;ico;cur;bmp;dlg;rc2;rct;bin;rgs;gif;jpg;jpeg;jpe;resx;tiff;tif;png;wav;mfcribbon-ms</Extensions>
    </Filter>
    <Filter Include="Source Files\BSpline">
      <UniqueIdentifier>{5edbd3f6-7957-44ae-ac0d-f76893760f12}</UniqueIdentifier>
    </Filter>
    <Filter Include="Header Files\BSpline">
      <UniqueIdentifier>{804add4f-5e57-4219-acef-7a36a2276fe9}</UniqueIdentifier>
    </Filter>
  </ItemGroup>
  <ItemGroup>
    <Text Include="ReadMe.txt" />
  </ItemGroup>
  <ItemGroup>
    <ClInclude Include="BSTest.h">
      <Filter>Header Files</Filter>
    </ClInclude>
    <ClInclude Include="stdafx.h">
      <Filter>Header Files</Filter>
    </ClInclude>
    <ClInclude Include="targetver.h">
      <Filter>Header Files</Filter>
    </ClInclude>
    <ClInclude Include="MainFrm.h">
      <Filter>Header Files</Filter>
    </ClInclude>
    <ClInclude Include="ChildView.h">
      <Filter>Header Files</Filter>
    </ClInclude>
    <ClInclude Include="Resource.h">
      <Filter>Header Files</Filter>
    </ClInclude>
    <ClInclude Include="..\BSpline\Vector3Array.h">
      <Filter>Header Files\BSpline</Filter>
    </ClInclude>
    <ClInclude Include="..\BSpline\BSpline.h">
      <Filter>Header Files\BSpline</Filter>
    </ClInclude>
    <ClInclude Include="..\BSpline\BSplineControl.h">
      <Filter>Header Files\BSpline</Filter>
    </ClInclude>
    <ClInclude Include="..\BSpline\Vector3.h">
      <Filter>Header Files\BSpline</Filter>
    </ClInclude>
  </ItemGroup>
  <ItemGroup>
    <ClCompile Include="BSTest.cpp">
      <Filter>Source Files</Filter>
    </ClCompile>
    <ClCompile Include="stdafx.cpp">
      <Filter>Source Files</Filter>
    </ClCompile>
    <ClCompile Include="MainFrm.cpp">
      <Filter>Source Files</Filter>
    </ClCompile>
    <ClCompile Include="ChildView.cpp">
      <Filter>Source Files</Filter>
    </ClCompile>
    <ClCompile Include="..\BSpline\Vector3Array.cpp">
      <Filter>Source Files\BSpline</Filter>
    </ClCompile>
    <ClCompile Include="..\BSpline\BSpline.cpp">
      <Filter>Source Files\BSpline</Filter>
    </ClCompile>
    <ClCompile Include="..\BSpline\BSplineControl.cpp">
      <Filter>Source Files\BSpline</Filter>
    </ClCompile>
    <ClCompile Include="..\BSpline\Vector3.cpp">
      <Filter>Source Files\BSpline</Filter>
    </ClCompile>
  </ItemGroup>
  <ItemGroup>
    <ResourceCompile Include="BSTest.rc">
      <Filter>Resource Files</Filter>
    </ResourceCompile>
  </ItemGroup>
  <ItemGroup>
    <None Include="res\BSTest.rc2">
      <Filter>Resource Files</Filter>
    </None>
  </ItemGroup>
  <ItemGroup>
    <Image Include="res\BSTest.ico">
      <Filter>Resource Files</Filter>
    </Image>
  </ItemGroup>
</Project>